
Microsoft Visual Studio Solution File, Format Version 12.00
# Visual Studio Version 17
VisualStudioVersion = 17.4.33213.308
MinimumVisualStudioVersion = 10.0.40219.1
Project("{2150E333-8FDC-42A3-9474-1A3956D46DE8}") = "Client", "Client", "{543FD718-0F70-477C-9840-3730B132EF4A}"
EndProject
Project("{9A19103F-16F7-4668-BE54-9A1E7A4F7556}") = "SPR.Client", "Client\SPR.Client\SPR.Client.csproj", "{2D411538-D687-434E-887A-F70E68174DFC}"
EndProject
Project("{2150E333-8FDC-42A3-9474-1A3956D46DE8}") = "Configurations", "Configurations", "{7FAC2724-9BC0-4319-9AE2-1B692C9C2CC6}"
EndProject
Project("{2150E333-8FDC-42A3-9474-1A3956D46DE8}") = "build", "build", "{B265AA2A-E0BA-4FDC-B6D5-6939E9A8003A}"
EndProject
Project("{2150E333-8FDC-42A3-9474-1A3956D46DE8}") = "Server", "Server", "{FC4398D7-5EF9-49E9-B0E9-9ED740B38284}"
EndProject
Project("{2150E333-8FDC-42A3-9474-1A3956D46DE8}") = "Shared", "Shared", "{8E32255E-B2FA-496A-B629-DBD4ED9E37A0}"
EndProject
Project("{9A19103F-16F7-4668-BE54-9A1E7A4F7556}") = "SPR.Server.Gateway", "Server\SPR.Server.Gateway\SPR.Server.Gateway.csproj", "{6A93A80F-FB36-498C-A787-E2523148F60E}"
EndProject
Project("{2150E333-8FDC-42A3-9474-1A3956D46DE8}") = "StudentMicroservice", "StudentMicroservice", "{6AD4B4DF-3231-4664-A0CE-BFCBB267131B}"
EndProject
Project("{9A19103F-16F7-4668-BE54-9A1E7A4F7556}") = "SPR.Server.StudentMicroservice.Domain", "Server\StudentMicroservice\SPR.Server.StudentMicroservice.Domain\SPR.Server.StudentMicroservice.Domain.csproj", "{6431F813-5746-4D51-865A-5E7875F26470}"
EndProject
Project("{9A19103F-16F7-4668-BE54-9A1E7A4F7556}") = "SPR.Server.StudentMicroservice.Infrastructure", "Server\StudentMicroservice\SPR.Server.StudentMicroservice.Infrastructure\SPR.Server.StudentMicroservice.Infrastructure.csproj", "{46F65109-5C10-4A9F-82F1-34A6E529EC7C}"
EndProject
Project("{9A19103F-16F7-4668-BE54-9A1E7A4F7556}") = "SPR.Server.StudentMicroservice.API", "Server\StudentMicroservice\SPR.Server.StudentMicroservice.API\SPR.Server.StudentMicroservice.API.csproj", "{243C9467-C3B3-44F3-8A67-0FDA47CE39B0}"
EndProject
Project("{9A19103F-16F7-4668-BE54-9A1E7A4F7556}") = "SPR.Client.Abstractions", "Client\SPR.Client.Abstractions\SPR.Client.Abstractions.csproj", "{91A67570-0258-4E91-A739-0C2CA5FCF061}"
EndProject
Project("{9A19103F-16F7-4668-BE54-9A1E7A4F7556}") = "SPR.Client.Communication", "Client\SPR.Client.Communication\SPR.Client.Communication.csproj", "{2913C683-8BD6-40F5-AA68-800B7854ED9B}"
EndProject
Project("{9A19103F-16F7-4668-BE54-9A1E7A4F7556}") = "SPR.Shared.Models", "Shared\SPR.Shared.Models\SPR.Shared.Models.csproj", "{E386ACAA-47AD-4C55-A4E0-65954882C09A}"
EndProject
Project("{2150E333-8FDC-42A3-9474-1A3956D46DE8}") = "AuthMicroservice", "AuthMicroservice", "{915749F9-15AF-4F3F-B8F2-05B946FD86CD}"
EndProject
Project("{9A19103F-16F7-4668-BE54-9A1E7A4F7556}") = "SPR.Server.AuthMicroservice.Domain", "Server\AuthMicroservice\SPR.Server.AuthMicroservice.Domain\SPR.Server.AuthMicroservice.Domain.csproj", "{249A26D7-F477-497E-923D-CED73CECEEF2}"
EndProject
Project("{9A19103F-16F7-4668-BE54-9A1E7A4F7556}") = "SPR.Server.AuthMicroservice.Infrastructure", "Server\AuthMicroservice\SPR.Server.AuthMicroservice.Infrastructure\SPR.Server.AuthMicroservice.Infrastructure.csproj", "{022DD9D0-E846-4AB9-90D2-4EA93D6A5992}"
EndProject
Project("{9A19103F-16F7-4668-BE54-9A1E7A4F7556}") = "SPR.Server.AuthMicroservice.API", "Server\AuthMicroservice\SPR.Server.AuthMicroservice.API\SPR.Server.AuthMicroservice.API.csproj", "{17789F21-4F33-4685-8D52-CEC3DCE195A4}"
EndProject
Project("{2150E333-8FDC-42A3-9474-1A3956D46DE8}") = "Nugets", "Nugets", "{AD0DF5C6-B33E-40B7-BC85-16909CD4E850}"
EndProject
Project("{9A19103F-16F7-4668-BE54-9A1E7A4F7556}") = "SPR.FileWorker", "Nugets\SPR.FileWorker\SPR.FileWorker.csproj", "{69D3A022-87FF-4D8E-A8FE-6396DE4D3758}"
EndProject
Global
	GlobalSection(SolutionConfigurationPlatforms) = preSolution
		Debug|Any CPU = Debug|Any CPU
		Debug|ARM64 = Debug|ARM64
		Debug|x64 = Debug|x64
		Debug|x86 = Debug|x86
		Release|Any CPU = Release|Any CPU
		Release|ARM64 = Release|ARM64
		Release|x64 = Release|x64
		Release|x86 = Release|x86
	EndGlobalSection
	GlobalSection(ProjectConfigurationPlatforms) = postSolution
		{2D411538-D687-434E-887A-F70E68174DFC}.Debug|Any CPU.ActiveCfg = Debug|Any CPU
		{2D411538-D687-434E-887A-F70E68174DFC}.Debug|Any CPU.Build.0 = Debug|Any CPU
		{2D411538-D687-434E-887A-F70E68174DFC}.Debug|ARM64.ActiveCfg = Debug|Any CPU
		{2D411538-D687-434E-887A-F70E68174DFC}.Debug|ARM64.Build.0 = Debug|Any CPU
		{2D411538-D687-434E-887A-F70E68174DFC}.Debug|x64.ActiveCfg = Debug|Any CPU
		{2D411538-D687-434E-887A-F70E68174DFC}.Debug|x64.Build.0 = Debug|Any CPU
		{2D411538-D687-434E-887A-F70E68174DFC}.Debug|x86.ActiveCfg = Debug|Any CPU
		{2D411538-D687-434E-887A-F70E68174DFC}.Debug|x86.Build.0 = Debug|Any CPU
		{2D411538-D687-434E-887A-F70E68174DFC}.Release|Any CPU.ActiveCfg = Release|Any CPU
		{2D411538-D687-434E-887A-F70E68174DFC}.Release|Any CPU.Build.0 = Release|Any CPU
		{2D411538-D687-434E-887A-F70E68174DFC}.Release|ARM64.ActiveCfg = Release|Any CPU
		{2D411538-D687-434E-887A-F70E68174DFC}.Release|ARM64.Build.0 = Release|Any CPU
		{2D411538-D687-434E-887A-F70E68174DFC}.Release|x64.ActiveCfg = Release|Any CPU
		{2D411538-D687-434E-887A-F70E68174DFC}.Release|x64.Build.0 = Release|Any CPU
		{2D411538-D687-434E-887A-F70E68174DFC}.Release|x86.ActiveCfg = Release|Any CPU
		{2D411538-D687-434E-887A-F70E68174DFC}.Release|x86.Build.0 = Release|Any CPU
		{6A93A80F-FB36-498C-A787-E2523148F60E}.Debug|Any CPU.ActiveCfg = Debug|Any CPU
		{6A93A80F-FB36-498C-A787-E2523148F60E}.Debug|Any CPU.Build.0 = Debug|Any CPU
		{6A93A80F-FB36-498C-A787-E2523148F60E}.Debug|ARM64.ActiveCfg = Debug|Any CPU
		{6A93A80F-FB36-498C-A787-E2523148F60E}.Debug|ARM64.Build.0 = Debug|Any CPU
		{6A93A80F-FB36-498C-A787-E2523148F60E}.Debug|x64.ActiveCfg = Debug|Any CPU
		{6A93A80F-FB36-498C-A787-E2523148F60E}.Debug|x64.Build.0 = Debug|Any CPU
		{6A93A80F-FB36-498C-A787-E2523148F60E}.Debug|x86.ActiveCfg = Debug|Any CPU
		{6A93A80F-FB36-498C-A787-E2523148F60E}.Debug|x86.Build.0 = Debug|Any CPU
		{6A93A80F-FB36-498C-A787-E2523148F60E}.Release|Any CPU.ActiveCfg = Release|Any CPU
		{6A93A80F-FB36-498C-A787-E2523148F60E}.Release|Any CPU.Build.0 = Release|Any CPU
		{6A93A80F-FB36-498C-A787-E2523148F60E}.Release|ARM64.ActiveCfg = Release|Any CPU
		{6A93A80F-FB36-498C-A787-E2523148F60E}.Release|ARM64.Build.0 = Release|Any CPU
		{6A93A80F-FB36-498C-A787-E2523148F60E}.Release|x64.ActiveCfg = Release|Any CPU
		{6A93A80F-FB36-498C-A787-E2523148F60E}.Release|x64.Build.0 = Release|Any CPU
		{6A93A80F-FB36-498C-A787-E2523148F60E}.Release|x86.ActiveCfg = Release|Any CPU
		{6A93A80F-FB36-498C-A787-E2523148F60E}.Release|x86.Build.0 = Release|Any CPU
		{6431F813-5746-4D51-865A-5E7875F26470}.Debug|Any CPU.ActiveCfg = Debug|Any CPU
		{6431F813-5746-4D51-865A-5E7875F26470}.Debug|Any CPU.Build.0 = Debug|Any CPU
		{6431F813-5746-4D51-865A-5E7875F26470}.Debug|ARM64.ActiveCfg = Debug|Any CPU
		{6431F813-5746-4D51-865A-5E7875F26470}.Debug|ARM64.Build.0 = Debug|Any CPU
		{6431F813-5746-4D51-865A-5E7875F26470}.Debug|x64.ActiveCfg = Debug|Any CPU
		{6431F813-5746-4D51-865A-5E7875F26470}.Debug|x64.Build.0 = Debug|Any CPU
		{6431F813-5746-4D51-865A-5E7875F26470}.Debug|x86.ActiveCfg = Debug|Any CPU
		{6431F813-5746-4D51-865A-5E7875F26470}.Debug|x86.Build.0 = Debug|Any CPU
		{6431F813-5746-4D51-865A-5E7875F26470}.Release|Any CPU.ActiveCfg = Release|Any CPU
		{6431F813-5746-4D51-865A-5E7875F26470}.Release|Any CPU.Build.0 = Release|Any CPU
		{6431F813-5746-4D51-865A-5E7875F26470}.Release|ARM64.ActiveCfg = Release|Any CPU
		{6431F813-5746-4D51-865A-5E7875F26470}.Release|ARM64.Build.0 = Release|Any CPU
		{6431F813-5746-4D51-865A-5E7875F26470}.Release|x64.ActiveCfg = Release|Any CPU
		{6431F813-5746-4D51-865A-5E7875F26470}.Release|x64.Build.0 = Release|Any CPU
		{6431F813-5746-4D51-865A-5E7875F26470}.Release|x86.ActiveCfg = Release|Any CPU
		{6431F813-5746-4D51-865A-5E7875F26470}.Release|x86.Build.0 = Release|Any CPU
		{46F65109-5C10-4A9F-82F1-34A6E529EC7C}.Debug|Any CPU.ActiveCfg = Debug|Any CPU
		{46F65109-5C10-4A9F-82F1-34A6E529EC7C}.Debug|Any CPU.Build.0 = Debug|Any CPU
		{46F65109-5C10-4A9F-82F1-34A6E529EC7C}.Debug|ARM64.ActiveCfg = Debug|Any CPU
		{46F65109-5C10-4A9F-82F1-34A6E529EC7C}.Debug|ARM64.Build.0 = Debug|Any CPU
		{46F65109-5C10-4A9F-82F1-34A6E529EC7C}.Debug|x64.ActiveCfg = Debug|Any CPU
		{46F65109-5C10-4A9F-82F1-34A6E529EC7C}.Debug|x64.Build.0 = Debug|Any CPU
		{46F65109-5C10-4A9F-82F1-34A6E529EC7C}.Debug|x86.ActiveCfg = Debug|Any CPU
		{46F65109-5C10-4A9F-82F1-34A6E529EC7C}.Debug|x86.Build.0 = Debug|Any CPU
		{46F65109-5C10-4A9F-82F1-34A6E529EC7C}.Release|Any CPU.ActiveCfg = Release|Any CPU
		{46F65109-5C10-4A9F-82F1-34A6E529EC7C}.Release|Any CPU.Build.0 = Release|Any CPU
		{46F65109-5C10-4A9F-82F1-34A6E529EC7C}.Release|ARM64.ActiveCfg = Release|Any CPU
		{46F65109-5C10-4A9F-82F1-34A6E529EC7C}.Release|ARM64.Build.0 = Release|Any CPU
		{46F65109-5C10-4A9F-82F1-34A6E529EC7C}.Release|x64.ActiveCfg = Release|Any CPU
		{46F65109-5C10-4A9F-82F1-34A6E529EC7C}.Release|x64.Build.0 = Release|Any CPU
		{46F65109-5C10-4A9F-82F1-34A6E529EC7C}.Release|x86.ActiveCfg = Release|Any CPU
		{46F65109-5C10-4A9F-82F1-34A6E529EC7C}.Release|x86.Build.0 = Release|Any CPU
		{243C9467-C3B3-44F3-8A67-0FDA47CE39B0}.Debug|Any CPU.ActiveCfg = Debug|Any CPU
		{243C9467-C3B3-44F3-8A67-0FDA47CE39B0}.Debug|Any CPU.Build.0 = Debug|Any CPU
		{243C9467-C3B3-44F3-8A67-0FDA47CE39B0}.Debug|ARM64.ActiveCfg = Debug|Any CPU
		{243C9467-C3B3-44F3-8A67-0FDA47CE39B0}.Debug|ARM64.Build.0 = Debug|Any CPU
		{243C9467-C3B3-44F3-8A67-0FDA47CE39B0}.Debug|x64.ActiveCfg = Debug|Any CPU
		{243C9467-C3B3-44F3-8A67-0FDA47CE39B0}.Debug|x64.Build.0 = Debug|Any CPU
		{243C9467-C3B3-44F3-8A67-0FDA47CE39B0}.Debug|x86.ActiveCfg = Debug|Any CPU
		{243C9467-C3B3-44F3-8A67-0FDA47CE39B0}.Debug|x86.Build.0 = Debug|Any CPU
		{243C9467-C3B3-44F3-8A67-0FDA47CE39B0}.Release|Any CPU.ActiveCfg = Release|Any CPU
		{243C9467-C3B3-44F3-8A67-0FDA47CE39B0}.Release|Any CPU.Build.0 = Release|Any CPU
		{243C9467-C3B3-44F3-8A67-0FDA47CE39B0}.Release|ARM64.ActiveCfg = Release|Any CPU
		{243C9467-C3B3-44F3-8A67-0FDA47CE39B0}.Release|ARM64.Build.0 = Release|Any CPU
		{243C9467-C3B3-44F3-8A67-0FDA47CE39B0}.Release|x64.ActiveCfg = Release|Any CPU
		{243C9467-C3B3-44F3-8A67-0FDA47CE39B0}.Release|x64.Build.0 = Release|Any CPU
		{243C9467-C3B3-44F3-8A67-0FDA47CE39B0}.Release|x86.ActiveCfg = Release|Any CPU
		{243C9467-C3B3-44F3-8A67-0FDA47CE39B0}.Release|x86.Build.0 = Release|Any CPU
		{91A67570-0258-4E91-A739-0C2CA5FCF061}.Debug|Any CPU.ActiveCfg = Debug|Any CPU
		{91A67570-0258-4E91-A739-0C2CA5FCF061}.Debug|Any CPU.Build.0 = Debug|Any CPU
		{91A67570-0258-4E91-A739-0C2CA5FCF061}.Debug|ARM64.ActiveCfg = Debug|Any CPU
		{91A67570-0258-4E91-A739-0C2CA5FCF061}.Debug|ARM64.Build.0 = Debug|Any CPU
		{91A67570-0258-4E91-A739-0C2CA5FCF061}.Debug|x64.ActiveCfg = Debug|Any CPU
		{91A67570-0258-4E91-A739-0C2CA5FCF061}.Debug|x64.Build.0 = Debug|Any CPU
		{91A67570-0258-4E91-A739-0C2CA5FCF061}.Debug|x86.ActiveCfg = Debug|Any CPU
		{91A67570-0258-4E91-A739-0C2CA5FCF061}.Debug|x86.Build.0 = Debug|Any CPU
		{91A67570-0258-4E91-A739-0C2CA5FCF061}.Release|Any CPU.ActiveCfg = Release|Any CPU
		{91A67570-0258-4E91-A739-0C2CA5FCF061}.Release|Any CPU.Build.0 = Release|Any CPU
		{91A67570-0258-4E91-A739-0C2CA5FCF061}.Release|ARM64.ActiveCfg = Release|Any CPU
		{91A67570-0258-4E91-A739-0C2CA5FCF061}.Release|ARM64.Build.0 = Release|Any CPU
		{91A67570-0258-4E91-A739-0C2CA5FCF061}.Release|x64.ActiveCfg = Release|Any CPU
		{91A67570-0258-4E91-A739-0C2CA5FCF061}.Release|x64.Build.0 = Release|Any CPU
		{91A67570-0258-4E91-A739-0C2CA5FCF061}.Release|x86.ActiveCfg = Release|Any CPU
		{91A67570-0258-4E91-A739-0C2CA5FCF061}.Release|x86.Build.0 = Release|Any CPU
		{2913C683-8BD6-40F5-AA68-800B7854ED9B}.Debug|Any CPU.ActiveCfg = Debug|Any CPU
		{2913C683-8BD6-40F5-AA68-800B7854ED9B}.Debug|Any CPU.Build.0 = Debug|Any CPU
		{2913C683-8BD6-40F5-AA68-800B7854ED9B}.Debug|ARM64.ActiveCfg = Debug|Any CPU
		{2913C683-8BD6-40F5-AA68-800B7854ED9B}.Debug|ARM64.Build.0 = Debug|Any CPU
		{2913C683-8BD6-40F5-AA68-800B7854ED9B}.Debug|x64.ActiveCfg = Debug|Any CPU
		{2913C683-8BD6-40F5-AA68-800B7854ED9B}.Debug|x64.Build.0 = Debug|Any CPU
		{2913C683-8BD6-40F5-AA68-800B7854ED9B}.Debug|x86.ActiveCfg = Debug|Any CPU
		{2913C683-8BD6-40F5-AA68-800B7854ED9B}.Debug|x86.Build.0 = Debug|Any CPU
		{2913C683-8BD6-40F5-AA68-800B7854ED9B}.Release|Any CPU.ActiveCfg = Release|Any CPU
		{2913C683-8BD6-40F5-AA68-800B7854ED9B}.Release|Any CPU.Build.0 = Release|Any CPU
		{2913C683-8BD6-40F5-AA68-800B7854ED9B}.Release|ARM64.ActiveCfg = Release|Any CPU
		{2913C683-8BD6-40F5-AA68-800B7854ED9B}.Release|ARM64.Build.0 = Release|Any CPU
		{2913C683-8BD6-40F5-AA68-800B7854ED9B}.Release|x64.ActiveCfg = Release|Any CPU
		{2913C683-8BD6-40F5-AA68-800B7854ED9B}.Release|x64.Build.0 = Release|Any CPU
		{2913C683-8BD6-40F5-AA68-800B7854ED9B}.Release|x86.ActiveCfg = Release|Any CPU
		{2913C683-8BD6-40F5-AA68-800B7854ED9B}.Release|x86.Build.0 = Release|Any CPU
		{E386ACAA-47AD-4C55-A4E0-65954882C09A}.Debug|Any CPU.ActiveCfg = Debug|Any CPU
		{E386ACAA-47AD-4C55-A4E0-65954882C09A}.Debug|Any CPU.Build.0 = Debug|Any CPU
		{E386ACAA-47AD-4C55-A4E0-65954882C09A}.Debug|ARM64.ActiveCfg = Debug|Any CPU
		{E386ACAA-47AD-4C55-A4E0-65954882C09A}.Debug|ARM64.Build.0 = Debug|Any CPU
		{E386ACAA-47AD-4C55-A4E0-65954882C09A}.Debug|x64.ActiveCfg = Debug|Any CPU
		{E386ACAA-47AD-4C55-A4E0-65954882C09A}.Debug|x64.Build.0 = Debug|Any CPU
		{E386ACAA-47AD-4C55-A4E0-65954882C09A}.Debug|x86.ActiveCfg = Debug|Any CPU
		{E386ACAA-47AD-4C55-A4E0-65954882C09A}.Debug|x86.Build.0 = Debug|Any CPU
		{E386ACAA-47AD-4C55-A4E0-65954882C09A}.Release|Any CPU.ActiveCfg = Release|Any CPU
		{E386ACAA-47AD-4C55-A4E0-65954882C09A}.Release|Any CPU.Build.0 = Release|Any CPU
		{E386ACAA-47AD-4C55-A4E0-65954882C09A}.Release|ARM64.ActiveCfg = Release|Any CPU
		{E386ACAA-47AD-4C55-A4E0-65954882C09A}.Release|ARM64.Build.0 = Release|Any CPU
		{E386ACAA-47AD-4C55-A4E0-65954882C09A}.Release|x64.ActiveCfg = Release|Any CPU
		{E386ACAA-47AD-4C55-A4E0-65954882C09A}.Release|x64.Build.0 = Release|Any CPU
		{E386ACAA-47AD-4C55-A4E0-65954882C09A}.Release|x86.ActiveCfg = Release|Any CPU
		{E386ACAA-47AD-4C55-A4E0-65954882C09A}.Release|x86.Build.0 = Release|Any CPU
		{249A26D7-F477-497E-923D-CED73CECEEF2}.Debug|Any CPU.ActiveCfg = Debug|Any CPU
		{249A26D7-F477-497E-923D-CED73CECEEF2}.Debug|Any CPU.Build.0 = Debug|Any CPU
		{249A26D7-F477-497E-923D-CED73CECEEF2}.Debug|ARM64.ActiveCfg = Debug|Any CPU
		{249A26D7-F477-497E-923D-CED73CECEEF2}.Debug|ARM64.Build.0 = Debug|Any CPU
		{249A26D7-F477-497E-923D-CED73CECEEF2}.Debug|x64.ActiveCfg = Debug|Any CPU
		{249A26D7-F477-497E-923D-CED73CECEEF2}.Debug|x64.Build.0 = Debug|Any CPU
		{249A26D7-F477-497E-923D-CED73CECEEF2}.Debug|x86.ActiveCfg = Debug|Any CPU
		{249A26D7-F477-497E-923D-CED73CECEEF2}.Debug|x86.Build.0 = Debug|Any CPU
		{249A26D7-F477-497E-923D-CED73CECEEF2}.Release|Any CPU.ActiveCfg = Release|Any CPU
		{249A26D7-F477-497E-923D-CED73CECEEF2}.Release|Any CPU.Build.0 = Release|Any CPU
		{249A26D7-F477-497E-923D-CED73CECEEF2}.Release|ARM64.ActiveCfg = Release|Any CPU
		{249A26D7-F477-497E-923D-CED73CECEEF2}.Release|ARM64.Build.0 = Release|Any CPU
		{249A26D7-F477-497E-923D-CED73CECEEF2}.Release|x64.ActiveCfg = Release|Any CPU
		{249A26D7-F477-497E-923D-CED73CECEEF2}.Release|x64.Build.0 = Release|Any CPU
		{249A26D7-F477-497E-923D-CED73CECEEF2}.Release|x86.ActiveCfg = Release|Any CPU
		{249A26D7-F477-497E-923D-CED73CECEEF2}.Release|x86.Build.0 = Release|Any CPU
		{022DD9D0-E846-4AB9-90D2-4EA93D6A5992}.Debug|Any CPU.ActiveCfg = Debug|Any CPU
		{022DD9D0-E846-4AB9-90D2-4EA93D6A5992}.Debug|Any CPU.Build.0 = Debug|Any CPU
		{022DD9D0-E846-4AB9-90D2-4EA93D6A5992}.Debug|ARM64.ActiveCfg = Debug|Any CPU
		{022DD9D0-E846-4AB9-90D2-4EA93D6A5992}.Debug|ARM64.Build.0 = Debug|Any CPU
		{022DD9D0-E846-4AB9-90D2-4EA93D6A5992}.Debug|x64.ActiveCfg = Debug|Any CPU
		{022DD9D0-E846-4AB9-90D2-4EA93D6A5992}.Debug|x64.Build.0 = Debug|Any CPU
		{022DD9D0-E846-4AB9-90D2-4EA93D6A5992}.Debug|x86.ActiveCfg = Debug|Any CPU
		{022DD9D0-E846-4AB9-90D2-4EA93D6A5992}.Debug|x86.Build.0 = Debug|Any CPU
		{022DD9D0-E846-4AB9-90D2-4EA93D6A5992}.Release|Any CPU.ActiveCfg = Release|Any CPU
		{022DD9D0-E846-4AB9-90D2-4EA93D6A5992}.Release|Any CPU.Build.0 = Release|Any CPU
		{022DD9D0-E846-4AB9-90D2-4EA93D6A5992}.Release|ARM64.ActiveCfg = Release|Any CPU
		{022DD9D0-E846-4AB9-90D2-4EA93D6A5992}.Release|ARM64.Build.0 = Release|Any CPU
		{022DD9D0-E846-4AB9-90D2-4EA93D6A5992}.Release|x64.ActiveCfg = Release|Any CPU
		{022DD9D0-E846-4AB9-90D2-4EA93D6A5992}.Release|x64.Build.0 = Release|Any CPU
		{022DD9D0-E846-4AB9-90D2-4EA93D6A5992}.Release|x86.ActiveCfg = Release|Any CPU
		{022DD9D0-E846-4AB9-90D2-4EA93D6A5992}.Release|x86.Build.0 = Release|Any CPU
		{17789F21-4F33-4685-8D52-CEC3DCE195A4}.Debug|Any CPU.ActiveCfg = Debug|Any CPU
		{17789F21-4F33-4685-8D52-CEC3DCE195A4}.Debug|Any CPU.Build.0 = Debug|Any CPU
		{17789F21-4F33-4685-8D52-CEC3DCE195A4}.Debug|ARM64.ActiveCfg = Debug|Any CPU
		{17789F21-4F33-4685-8D52-CEC3DCE195A4}.Debug|ARM64.Build.0 = Debug|Any CPU
		{17789F21-4F33-4685-8D52-CEC3DCE195A4}.Debug|x64.ActiveCfg = Debug|Any CPU
		{17789F21-4F33-4685-8D52-CEC3DCE195A4}.Debug|x64.Build.0 = Debug|Any CPU
		{17789F21-4F33-4685-8D52-CEC3DCE195A4}.Debug|x86.ActiveCfg = Debug|Any CPU
		{17789F21-4F33-4685-8D52-CEC3DCE195A4}.Debug|x86.Build.0 = Debug|Any CPU
		{17789F21-4F33-4685-8D52-CEC3DCE195A4}.Release|Any CPU.ActiveCfg = Release|Any CPU
		{17789F21-4F33-4685-8D52-CEC3DCE195A4}.Release|Any CPU.Build.0 = Release|Any CPU
		{17789F21-4F33-4685-8D52-CEC3DCE195A4}.Release|ARM64.ActiveCfg = Release|Any CPU
		{17789F21-4F33-4685-8D52-CEC3DCE195A4}.Release|ARM64.Build.0 = Release|Any CPU
		{17789F21-4F33-4685-8D52-CEC3DCE195A4}.Release|x64.ActiveCfg = Release|Any CPU
		{17789F21-4F33-4685-8D52-CEC3DCE195A4}.Release|x64.Build.0 = Release|Any CPU
		{17789F21-4F33-4685-8D52-CEC3DCE195A4}.Release|x86.ActiveCfg = Release|Any CPU
		{17789F21-4F33-4685-8D52-CEC3DCE195A4}.Release|x86.Build.0 = Release|Any CPU
		{69D3A022-87FF-4D8E-A8FE-6396DE4D3758}.Debug|Any CPU.ActiveCfg = Debug|Any CPU
		{69D3A022-87FF-4D8E-A8FE-6396DE4D3758}.Debug|Any CPU.Build.0 = Debug|Any CPU
		{69D3A022-87FF-4D8E-A8FE-6396DE4D3758}.Debug|ARM64.ActiveCfg = Debug|Any CPU
		{69D3A022-87FF-4D8E-A8FE-6396DE4D3758}.Debug|ARM64.Build.0 = Debug|Any CPU
		{69D3A022-87FF-4D8E-A8FE-6396DE4D3758}.Debug|x64.ActiveCfg = Debug|Any CPU
		{69D3A022-87FF-4D8E-A8FE-6396DE4D3758}.Debug|x64.Build.0 = Debug|Any CPU
		{69D3A022-87FF-4D8E-A8FE-6396DE4D3758}.Debug|x86.ActiveCfg = Debug|Any CPU
		{69D3A022-87FF-4D8E-A8FE-6396DE4D3758}.Debug|x86.Build.0 = Debug|Any CPU
		{69D3A022-87FF-4D8E-A8FE-6396DE4D3758}.Release|Any CPU.ActiveCfg = Release|Any CPU
		{69D3A022-87FF-4D8E-A8FE-6396DE4D3758}.Release|Any CPU.Build.0 = Release|Any CPU
		{69D3A022-87FF-4D8E-A8FE-6396DE4D3758}.Release|ARM64.ActiveCfg = Release|Any CPU
		{69D3A022-87FF-4D8E-A8FE-6396DE4D3758}.Release|ARM64.Build.0 = Release|Any CPU
		{69D3A022-87FF-4D8E-A8FE-6396DE4D3758}.Release|x64.ActiveCfg = Release|Any CPU
		{69D3A022-87FF-4D8E-A8FE-6396DE4D3758}.Release|x64.Build.0 = Release|Any CPU
		{69D3A022-87FF-4D8E-A8FE-6396DE4D3758}.Release|x86.ActiveCfg = Release|Any CPU
		{69D3A022-87FF-4D8E-A8FE-6396DE4D3758}.Release|x86.Build.0 = Release|Any CPU
	EndGlobalSection
	GlobalSection(SolutionProperties) = preSolution
		HideSolutionNode = FALSE
	EndGlobalSection
	GlobalSection(NestedProjects) = preSolution
		{2D411538-D687-434E-887A-F70E68174DFC} = {543FD718-0F70-477C-9840-3730B132EF4A}
		{B265AA2A-E0BA-4FDC-B6D5-6939E9A8003A} = {7FAC2724-9BC0-4319-9AE2-1B692C9C2CC6}
		{6A93A80F-FB36-498C-A787-E2523148F60E} = {FC4398D7-5EF9-49E9-B0E9-9ED740B38284}
		{6AD4B4DF-3231-4664-A0CE-BFCBB267131B} = {FC4398D7-5EF9-49E9-B0E9-9ED740B38284}
		{6431F813-5746-4D51-865A-5E7875F26470} = {6AD4B4DF-3231-4664-A0CE-BFCBB267131B}
		{46F65109-5C10-4A9F-82F1-34A6E529EC7C} = {6AD4B4DF-3231-4664-A0CE-BFCBB267131B}
		{243C9467-C3B3-44F3-8A67-0FDA47CE39B0} = {6AD4B4DF-3231-4664-A0CE-BFCBB267131B}
		{91A67570-0258-4E91-A739-0C2CA5FCF061} = {543FD718-0F70-477C-9840-3730B132EF4A}
		{2913C683-8BD6-40F5-AA68-800B7854ED9B} = {543FD718-0F70-477C-9840-3730B132EF4A}
		{E386ACAA-47AD-4C55-A4E0-65954882C09A} = {8E32255E-B2FA-496A-B629-DBD4ED9E37A0}
		{915749F9-15AF-4F3F-B8F2-05B946FD86CD} = {FC4398D7-5EF9-49E9-B0E9-9ED740B38284}
		{249A26D7-F477-497E-923D-CED73CECEEF2} = {915749F9-15AF-4F3F-B8F2-05B946FD86CD}
		{022DD9D0-E846-4AB9-90D2-4EA93D6A5992} = {915749F9-15AF-4F3F-B8F2-05B946FD86CD}
		{17789F21-4F33-4685-8D52-CEC3DCE195A4} = {915749F9-15AF-4F3F-B8F2-05B946FD86CD}
		{69D3A022-87FF-4D8E-A8FE-6396DE4D3758} = {AD0DF5C6-B33E-40B7-BC85-16909CD4E850}
	EndGlobalSection
	GlobalSection(ExtensibilityGlobals) = postSolution
		SolutionGuid = {4BC90441-2DD3-4519-99D4-5EDB712A1190}
	EndGlobalSection
EndGlobal
