
Microsoft Visual Studio Solution File, Format Version 12.00
Project("{2150E333-8FDC-42A3-9474-1A3956D46DE8}") = "Client", "Client", "{543FD718-0F70-477C-9840-3730B132EF4A}"
EndProject
Project("{FAE04EC0-301F-11D3-BF4B-00C04F79EFBC}") = "SPR.Client", "Client\SPR.Client\SPR.Client.csproj", "{2D411538-D687-434E-887A-F70E68174DFC}"
EndProject
Global
	GlobalSection(SolutionConfigurationPlatforms) = preSolution
		Debug|Any CPU = Debug|Any CPU
		Release|Any CPU = Release|Any CPU
	EndGlobalSection
	GlobalSection(ProjectConfigurationPlatforms) = postSolution
		{2D411538-D687-434E-887A-F70E68174DFC}.Debug|Any CPU.ActiveCfg = Debug|Any CPU
		{2D411538-D687-434E-887A-F70E68174DFC}.Debug|Any CPU.Build.0 = Debug|Any CPU
		{2D411538-D687-434E-887A-F70E68174DFC}.Release|Any CPU.ActiveCfg = Release|Any CPU
		{2D411538-D687-434E-887A-F70E68174DFC}.Release|Any CPU.Build.0 = Release|Any CPU
	EndGlobalSection
	GlobalSection(NestedProjects) = preSolution
		{2D411538-D687-434E-887A-F70E68174DFC} = {543FD718-0F70-477C-9840-3730B132EF4A}
	EndGlobalSection
EndGlobal
