
Microsoft Visual Studio Solution File, Format Version 12.00
# Visual Studio Version 17
VisualStudioVersion = 17.4.33213.308
MinimumVisualStudioVersion = 10.0.40219.1
Project("{2150E333-8FDC-42A3-9474-1A3956D46DE8}") = "Client", "Client", "{543FD718-0F70-477C-9840-3730B132EF4A}"
EndProject
Project("{9A19103F-16F7-4668-BE54-9A1E7A4F7556}") = "SPR.Client", "Client\SPR.Client\SPR.Client.csproj", "{2D411538-D687-434E-887A-F70E68174DFC}"
EndProject
Project("{2150E333-8FDC-42A3-9474-1A3956D46DE8}") = "Configurations", "Configurations", "{7FAC2724-9BC0-4319-9AE2-1B692C9C2CC6}"
EndProject
Project("{2150E333-8FDC-42A3-9474-1A3956D46DE8}") = "build", "build", "{B265AA2A-E0BA-4FDC-B6D5-6939E9A8003A}"
EndProject
Global
	GlobalSection(SolutionConfigurationPlatforms) = preSolution
		Debug|Any CPU = Debug|Any CPU
		Debug|x86 = Debug|x86
		Release|Any CPU = Release|Any CPU
		Release|x86 = Release|x86
	EndGlobalSection
	GlobalSection(ProjectConfigurationPlatforms) = postSolution
		{2D411538-D687-434E-887A-F70E68174DFC}.Debug|Any CPU.ActiveCfg = Debug|Any CPU
		{2D411538-D687-434E-887A-F70E68174DFC}.Debug|Any CPU.Build.0 = Debug|Any CPU
		{2D411538-D687-434E-887A-F70E68174DFC}.Debug|x86.ActiveCfg = Debug|Any CPU
		{2D411538-D687-434E-887A-F70E68174DFC}.Debug|x86.Build.0 = Debug|Any CPU
		{2D411538-D687-434E-887A-F70E68174DFC}.Release|Any CPU.ActiveCfg = Release|Any CPU
		{2D411538-D687-434E-887A-F70E68174DFC}.Release|Any CPU.Build.0 = Release|Any CPU
		{2D411538-D687-434E-887A-F70E68174DFC}.Release|x86.ActiveCfg = Release|Any CPU
		{2D411538-D687-434E-887A-F70E68174DFC}.Release|x86.Build.0 = Release|Any CPU
	EndGlobalSection
	GlobalSection(SolutionProperties) = preSolution
		HideSolutionNode = FALSE
	EndGlobalSection
	GlobalSection(NestedProjects) = preSolution
		{2D411538-D687-434E-887A-F70E68174DFC} = {543FD718-0F70-477C-9840-3730B132EF4A}
		{B265AA2A-E0BA-4FDC-B6D5-6939E9A8003A} = {7FAC2724-9BC0-4319-9AE2-1B692C9C2CC6}
	EndGlobalSection
	GlobalSection(ExtensibilityGlobals) = postSolution
		SolutionGuid = {4BC90441-2DD3-4519-99D4-5EDB712A1190}
	EndGlobalSection
EndGlobal
